
Microsoft Visual Studio Solution File, Format Version 12.00
# Visual Studio Version 17
VisualStudioVersion = 17.5.33530.505
MinimumVisualStudioVersion = 10.0.40219.1
Project("{9A19103F-16F7-4668-BE54-9A1E7A4F7556}") = "HelpBoardUA", "HelpBoardUA\HelpBoardUA.csproj", "{B9016544-413F-4F35-A09F-A9D267D2A4D7}"
EndProject
Global
	GlobalSection(SolutionConfigurationPlatforms) = preSolution
		Debug|Any CPU = Debug|Any CPU
		Release|Any CPU = Release|Any CPU
	EndGlobalSection
	GlobalSection(ProjectConfigurationPlatforms) = postSolution
		{B9016544-413F-4F35-A09F-A9D267D2A4D7}.Debug|Any CPU.ActiveCfg = Debug|Any CPU
		{B9016544-413F-4F35-A09F-A9D267D2A4D7}.Debug|Any CPU.Build.0 = Debug|Any CPU
		{B9016544-413F-4F35-A09F-A9D267D2A4D7}.Release|Any CPU.ActiveCfg = Release|Any CPU
		{B9016544-413F-4F35-A09F-A9D267D2A4D7}.Release|Any CPU.Build.0 = Release|Any CPU
	EndGlobalSection
	GlobalSection(SolutionProperties) = preSolution
		HideSolutionNode = FALSE
	EndGlobalSection
	GlobalSection(ExtensibilityGlobals) = postSolution
		SolutionGuid = {0ADFA6AE-8EB4-4B08-857D-40CD7FA564E4}
	EndGlobalSection
EndGlobal
